
Microsoft Visual Studio Solution File, Format Version 12.00
Project("{2150E333-8FDC-42A3-9474-1A3956D46DE8}") = "src", "src", "{C2E5EA57-6D7B-4F6A-9984-8872B71D98CA}"
EndProject
Project("{2150E333-8FDC-42A3-9474-1A3956D46DE8}") = "tests", "tests", "{38DD08B8-FA97-4484-B2F3-C93B25DA31E5}"
EndProject
Project("{FAE04EC0-301F-11D3-BF4B-00C04F79EFBC}") = "Triumph.HealthMs.UnitTests", "tests\Triumph.HealthMs.UnitTests\Triumph.HealthMs.UnitTests.csproj", "{8F627998-E83F-432E-B38B-4EBF70A1A2B8}"
EndProject
Project("{FAE04EC0-301F-11D3-BF4B-00C04F79EFBC}") = "Triumph.HealthMs.Core", "src\Triumph.HealthMs.Core\Triumph.HealthMs.Core.csproj", "{D05CF6B4-8081-4648-A823-EAED6141036A}"
EndProject
Project("{FAE04EC0-301F-11D3-BF4B-00C04F79EFBC}") = "Triumph.HealthMs.Persistence", "src\Triumph.HealthMs.Persistence\Triumph.HealthMs.Persistence.csproj", "{5E8CA109-1A4D-44A7-AF80-0F43FE90203B}"
EndProject
Project("{FAE04EC0-301F-11D3-BF4B-00C04F79EFBC}") = "Triumph.HealthMs.ExternalServices", "src\Triumph.HealthMs.ExternalServices\Triumph.HealthMs.ExternalServices.csproj", "{65EC8E41-926F-47AA-9A12-CE7E72FA9890}"
EndProject
Project("{FAE04EC0-301F-11D3-BF4B-00C04F79EFBC}") = "Triumph.HealthMs.Host", "src\Triumph.HealthMs.Host\Triumph.HealthMs.Host.csproj", "{74CA2EEE-6177-4DED-9A59-231FB887E020}"
EndProject
Project("{FAE04EC0-301F-11D3-BF4B-00C04F79EFBC}") = "Triumph.HealthMs.Commands", "src\Triumph.HealthMs.Commands\Triumph.HealthMs.Commands.csproj", "{B28875A7-F945-4B96-9846-753E8749E4B2}"
EndProject
Project("{FAE04EC0-301F-11D3-BF4B-00C04F79EFBC}") = "Triumph.HealthMs.Queries", "src\Triumph.HealthMs.Queries\Triumph.HealthMs.Queries.csproj", "{B6161DDD-3A46-455D-9E01-B1E5273C6BF7}"
EndProject
Global
	GlobalSection(SolutionConfigurationPlatforms) = preSolution
		Debug|Any CPU = Debug|Any CPU
		Release|Any CPU = Release|Any CPU
	EndGlobalSection
	GlobalSection(NestedProjects) = preSolution
		{8F627998-E83F-432E-B38B-4EBF70A1A2B8} = {38DD08B8-FA97-4484-B2F3-C93B25DA31E5}
		{D05CF6B4-8081-4648-A823-EAED6141036A} = {C2E5EA57-6D7B-4F6A-9984-8872B71D98CA}
		{5E8CA109-1A4D-44A7-AF80-0F43FE90203B} = {C2E5EA57-6D7B-4F6A-9984-8872B71D98CA}
		{65EC8E41-926F-47AA-9A12-CE7E72FA9890} = {C2E5EA57-6D7B-4F6A-9984-8872B71D98CA}
		{74CA2EEE-6177-4DED-9A59-231FB887E020} = {C2E5EA57-6D7B-4F6A-9984-8872B71D98CA}
		{B28875A7-F945-4B96-9846-753E8749E4B2} = {C2E5EA57-6D7B-4F6A-9984-8872B71D98CA}
		{B6161DDD-3A46-455D-9E01-B1E5273C6BF7} = {C2E5EA57-6D7B-4F6A-9984-8872B71D98CA}
	EndGlobalSection
	GlobalSection(ProjectConfigurationPlatforms) = postSolution
		{8F627998-E83F-432E-B38B-4EBF70A1A2B8}.Debug|Any CPU.ActiveCfg = Debug|Any CPU
		{8F627998-E83F-432E-B38B-4EBF70A1A2B8}.Debug|Any CPU.Build.0 = Debug|Any CPU
		{8F627998-E83F-432E-B38B-4EBF70A1A2B8}.Release|Any CPU.ActiveCfg = Release|Any CPU
		{8F627998-E83F-432E-B38B-4EBF70A1A2B8}.Release|Any CPU.Build.0 = Release|Any CPU
		{D05CF6B4-8081-4648-A823-EAED6141036A}.Debug|Any CPU.ActiveCfg = Debug|Any CPU
		{D05CF6B4-8081-4648-A823-EAED6141036A}.Debug|Any CPU.Build.0 = Debug|Any CPU
		{D05CF6B4-8081-4648-A823-EAED6141036A}.Release|Any CPU.ActiveCfg = Release|Any CPU
		{D05CF6B4-8081-4648-A823-EAED6141036A}.Release|Any CPU.Build.0 = Release|Any CPU
		{5E8CA109-1A4D-44A7-AF80-0F43FE90203B}.Debug|Any CPU.ActiveCfg = Debug|Any CPU
		{5E8CA109-1A4D-44A7-AF80-0F43FE90203B}.Debug|Any CPU.Build.0 = Debug|Any CPU
		{5E8CA109-1A4D-44A7-AF80-0F43FE90203B}.Release|Any CPU.ActiveCfg = Release|Any CPU
		{5E8CA109-1A4D-44A7-AF80-0F43FE90203B}.Release|Any CPU.Build.0 = Release|Any CPU
		{65EC8E41-926F-47AA-9A12-CE7E72FA9890}.Debug|Any CPU.ActiveCfg = Debug|Any CPU
		{65EC8E41-926F-47AA-9A12-CE7E72FA9890}.Debug|Any CPU.Build.0 = Debug|Any CPU
		{65EC8E41-926F-47AA-9A12-CE7E72FA9890}.Release|Any CPU.ActiveCfg = Release|Any CPU
		{65EC8E41-926F-47AA-9A12-CE7E72FA9890}.Release|Any CPU.Build.0 = Release|Any CPU
		{74CA2EEE-6177-4DED-9A59-231FB887E020}.Debug|Any CPU.ActiveCfg = Debug|Any CPU
		{74CA2EEE-6177-4DED-9A59-231FB887E020}.Debug|Any CPU.Build.0 = Debug|Any CPU
		{74CA2EEE-6177-4DED-9A59-231FB887E020}.Release|Any CPU.ActiveCfg = Release|Any CPU
		{74CA2EEE-6177-4DED-9A59-231FB887E020}.Release|Any CPU.Build.0 = Release|Any CPU
		{B28875A7-F945-4B96-9846-753E8749E4B2}.Debug|Any CPU.ActiveCfg = Debug|Any CPU
		{B28875A7-F945-4B96-9846-753E8749E4B2}.Debug|Any CPU.Build.0 = Debug|Any CPU
		{B28875A7-F945-4B96-9846-753E8749E4B2}.Release|Any CPU.ActiveCfg = Release|Any CPU
		{B28875A7-F945-4B96-9846-753E8749E4B2}.Release|Any CPU.Build.0 = Release|Any CPU
		{B6161DDD-3A46-455D-9E01-B1E5273C6BF7}.Debug|Any CPU.ActiveCfg = Debug|Any CPU
		{B6161DDD-3A46-455D-9E01-B1E5273C6BF7}.Debug|Any CPU.Build.0 = Debug|Any CPU
		{B6161DDD-3A46-455D-9E01-B1E5273C6BF7}.Release|Any CPU.ActiveCfg = Release|Any CPU
		{B6161DDD-3A46-455D-9E01-B1E5273C6BF7}.Release|Any CPU.Build.0 = Release|Any CPU
	EndGlobalSection
EndGlobal
